// !$*UTF8*$!
{
	archiveVersion = 1;
	classes = {
	};
	objectVersion = 56;
	objects = {

/* Begin PBXBuildFile section */
		7A55D9F62A1491A5006CF9C1 /* HeaderView.swift in Sources */ = {isa = PBXBuildFile; fileRef = 7A55D9F52A1491A5006CF9C1 /* HeaderView.swift */; };
		7A83FF312A209282004D4F7A /* TLButton.swift in Sources */ = {isa = PBXBuildFile; fileRef = 7A83FF302A209282004D4F7A /* TLButton.swift */; };
		7AB31BC62A35FB5300554B01 /* Extensions.swift in Sources */ = {isa = PBXBuildFile; fileRef = 7AB31BC52A35FB5300554B01 /* Extensions.swift */; };
		7AC7B9E62A135E5F002697BD /* TodoListApp.swift in Sources */ = {isa = PBXBuildFile; fileRef = 7AC7B9E52A135E5F002697BD /* TodoListApp.swift */; };
		7AC7B9E82A135E5F002697BD /* MainView.swift in Sources */ = {isa = PBXBuildFile; fileRef = 7AC7B9E72A135E5F002697BD /* MainView.swift */; };
		7AC7B9EA2A135E61002697BD /* Assets.xcassets in Resources */ = {isa = PBXBuildFile; fileRef = 7AC7B9E92A135E61002697BD /* Assets.xcassets */; };
		7AC7B9ED2A135E61002697BD /* Preview Assets.xcassets in Resources */ = {isa = PBXBuildFile; fileRef = 7AC7B9EC2A135E61002697BD /* Preview Assets.xcassets */; };
		7AC7B9F52A1361E7002697BD /* FirebaseAnalytics in Frameworks */ = {isa = PBXBuildFile; productRef = 7AC7B9F42A1361E7002697BD /* FirebaseAnalytics */; };
		7AC7B9F72A1361E7002697BD /* FirebaseAnalyticsOnDeviceConversion in Frameworks */ = {isa = PBXBuildFile; productRef = 7AC7B9F62A1361E7002697BD /* FirebaseAnalyticsOnDeviceConversion */; };
		7AC7B9F92A1361E7002697BD /* FirebaseAnalyticsSwift in Frameworks */ = {isa = PBXBuildFile; productRef = 7AC7B9F82A1361E7002697BD /* FirebaseAnalyticsSwift */; };
		7AC7B9FB2A1361E7002697BD /* FirebaseAppCheck in Frameworks */ = {isa = PBXBuildFile; productRef = 7AC7B9FA2A1361E7002697BD /* FirebaseAppCheck */; };
		7AC7B9FD2A1361E7002697BD /* FirebaseAppDistribution-Beta in Frameworks */ = {isa = PBXBuildFile; productRef = 7AC7B9FC2A1361E7002697BD /* FirebaseAppDistribution-Beta */; };
		7AC7B9FF2A1361E7002697BD /* FirebaseAuth in Frameworks */ = {isa = PBXBuildFile; productRef = 7AC7B9FE2A1361E7002697BD /* FirebaseAuth */; };
		7AC7BA012A1361E7002697BD /* FirebaseDatabase in Frameworks */ = {isa = PBXBuildFile; productRef = 7AC7BA002A1361E7002697BD /* FirebaseDatabase */; };
		7AC7BA032A1361E7002697BD /* FirebaseDatabaseSwift in Frameworks */ = {isa = PBXBuildFile; productRef = 7AC7BA022A1361E7002697BD /* FirebaseDatabaseSwift */; };
		7AC7BA052A1361E7002697BD /* FirebaseFirestore in Frameworks */ = {isa = PBXBuildFile; productRef = 7AC7BA042A1361E7002697BD /* FirebaseFirestore */; };
		7AC7BA072A1361E7002697BD /* FirebaseFirestoreCombine-Community in Frameworks */ = {isa = PBXBuildFile; productRef = 7AC7BA062A1361E7002697BD /* FirebaseFirestoreCombine-Community */; };
		7AC7BA092A1361E7002697BD /* FirebaseFirestoreSwift in Frameworks */ = {isa = PBXBuildFile; productRef = 7AC7BA082A1361E7002697BD /* FirebaseFirestoreSwift */; };
		7AC7BA0B2A1361E7002697BD /* FirebaseFunctions in Frameworks */ = {isa = PBXBuildFile; productRef = 7AC7BA0A2A1361E7002697BD /* FirebaseFunctions */; };
		7AC7BA0D2A1361E7002697BD /* FirebaseFunctionsCombine-Community in Frameworks */ = {isa = PBXBuildFile; productRef = 7AC7BA0C2A1361E7002697BD /* FirebaseFunctionsCombine-Community */; };
		7AC7BA0F2A1361E7002697BD /* FirebaseInstallations in Frameworks */ = {isa = PBXBuildFile; productRef = 7AC7BA0E2A1361E7002697BD /* FirebaseInstallations */; };
		7AC7BA112A1361E7002697BD /* FirebasePerformance in Frameworks */ = {isa = PBXBuildFile; productRef = 7AC7BA102A1361E7002697BD /* FirebasePerformance */; };
		7AC7BA132A1361E7002697BD /* FirebaseRemoteConfig in Frameworks */ = {isa = PBXBuildFile; productRef = 7AC7BA122A1361E7002697BD /* FirebaseRemoteConfig */; };
		7AC7BA152A1361E7002697BD /* FirebaseRemoteConfigSwift in Frameworks */ = {isa = PBXBuildFile; productRef = 7AC7BA142A1361E7002697BD /* FirebaseRemoteConfigSwift */; };
		7AC7BA172A1361E7002697BD /* FirebaseStorage in Frameworks */ = {isa = PBXBuildFile; productRef = 7AC7BA162A1361E7002697BD /* FirebaseStorage */; };
		7AC7BA192A1361E7002697BD /* FirebaseStorageCombine-Community in Frameworks */ = {isa = PBXBuildFile; productRef = 7AC7BA182A1361E7002697BD /* FirebaseStorageCombine-Community */; };
		7AC7BA1B2A13636B002697BD /* GoogleService-Info.plist in Resources */ = {isa = PBXBuildFile; fileRef = 7AC7BA1A2A13636A002697BD /* GoogleService-Info.plist */; };
		7AC7BA212A136731002697BD /* ProfileView.swift in Sources */ = {isa = PBXBuildFile; fileRef = 7AC7BA202A136731002697BD /* ProfileView.swift */; };
		7AC7BA232A136797002697BD /* ToDoListView.swift in Sources */ = {isa = PBXBuildFile; fileRef = 7AC7BA222A136797002697BD /* ToDoListView.swift */; };
		7AC7BA252A1367BB002697BD /* NewItemView.swift in Sources */ = {isa = PBXBuildFile; fileRef = 7AC7BA242A1367BB002697BD /* NewItemView.swift */; };
		7AC7BA272A1367E8002697BD /* LoginView.swift in Sources */ = {isa = PBXBuildFile; fileRef = 7AC7BA262A1367E8002697BD /* LoginView.swift */; };
		7AC7BA292A136836002697BD /* RegisterView.swift in Sources */ = {isa = PBXBuildFile; fileRef = 7AC7BA282A136836002697BD /* RegisterView.swift */; };
		7AC7BA2B2A13687D002697BD /* ToDoListItemView.swift in Sources */ = {isa = PBXBuildFile; fileRef = 7AC7BA2A2A13687D002697BD /* ToDoListItemView.swift */; };
		7AC7BA2D2A136904002697BD /* User.swift in Sources */ = {isa = PBXBuildFile; fileRef = 7AC7BA2C2A136904002697BD /* User.swift */; };
		7AC7BA2F2A136926002697BD /* ToDoListItem.swift in Sources */ = {isa = PBXBuildFile; fileRef = 7AC7BA2E2A136926002697BD /* ToDoListItem.swift */; };
		7AC7BA312A136962002697BD /* MainViewMainModel.swift in Sources */ = {isa = PBXBuildFile; fileRef = 7AC7BA302A136962002697BD /* MainViewMainModel.swift */; };
		7AC7BA332A136984002697BD /* ProfileViewViewModel.swift in Sources */ = {isa = PBXBuildFile; fileRef = 7AC7BA322A136984002697BD /* ProfileViewViewModel.swift */; };
		7AC7BA352A1369BA002697BD /* ToDoListViewViewModel.swift in Sources */ = {isa = PBXBuildFile; fileRef = 7AC7BA342A1369BA002697BD /* ToDoListViewViewModel.swift */; };
		7AC7BA372A1369E2002697BD /* NewItemViewViewModel.swift in Sources */ = {isa = PBXBuildFile; fileRef = 7AC7BA362A1369E2002697BD /* NewItemViewViewModel.swift */; };
		7AC7BA392A1369FE002697BD /* LoginViewViewModel.swift in Sources */ = {isa = PBXBuildFile; fileRef = 7AC7BA382A1369FE002697BD /* LoginViewViewModel.swift */; };
		7AC7BA3B2A136A1D002697BD /* RegisterViewViewModel.swift in Sources */ = {isa = PBXBuildFile; fileRef = 7AC7BA3A2A136A1D002697BD /* RegisterViewViewModel.swift */; };
		7AC7BA3D2A136A50002697BD /* ToDoListItemViewViewModel.swift in Sources */ = {isa = PBXBuildFile; fileRef = 7AC7BA3C2A136A50002697BD /* ToDoListItemViewViewModel.swift */; };
/* End PBXBuildFile section */

/* Begin PBXFileReference section */
		7A55D9F52A1491A5006CF9C1 /* HeaderView.swift */ = {isa = PBXFileReference; lastKnownFileType = sourcecode.swift; path = HeaderView.swift; sourceTree = "<group>"; };
		7A83FF302A209282004D4F7A /* TLButton.swift */ = {isa = PBXFileReference; lastKnownFileType = sourcecode.swift; path = TLButton.swift; sourceTree = "<group>"; };
		7AB31BC52A35FB5300554B01 /* Extensions.swift */ = {isa = PBXFileReference; lastKnownFileType = sourcecode.swift; path = Extensions.swift; sourceTree = "<group>"; };
		7AC7B9E22A135E5F002697BD /* TodoList.app */ = {isa = PBXFileReference; explicitFileType = wrapper.application; includeInIndex = 0; path = TodoList.app; sourceTree = BUILT_PRODUCTS_DIR; };
		7AC7B9E52A135E5F002697BD /* TodoListApp.swift */ = {isa = PBXFileReference; lastKnownFileType = sourcecode.swift; path = TodoListApp.swift; sourceTree = "<group>"; };
		7AC7B9E72A135E5F002697BD /* MainView.swift */ = {isa = PBXFileReference; lastKnownFileType = sourcecode.swift; path = MainView.swift; sourceTree = "<group>"; };
		7AC7B9E92A135E61002697BD /* Assets.xcassets */ = {isa = PBXFileReference; lastKnownFileType = folder.assetcatalog; path = Assets.xcassets; sourceTree = "<group>"; };
		7AC7B9EC2A135E61002697BD /* Preview Assets.xcassets */ = {isa = PBXFileReference; lastKnownFileType = folder.assetcatalog; path = "Preview Assets.xcassets"; sourceTree = "<group>"; };
		7AC7BA1A2A13636A002697BD /* GoogleService-Info.plist */ = {isa = PBXFileReference; fileEncoding = 4; lastKnownFileType = text.plist.xml; path = "GoogleService-Info.plist"; sourceTree = "<group>"; };
		7AC7BA202A136731002697BD /* ProfileView.swift */ = {isa = PBXFileReference; lastKnownFileType = sourcecode.swift; path = ProfileView.swift; sourceTree = "<group>"; };
		7AC7BA222A136797002697BD /* ToDoListView.swift */ = {isa = PBXFileReference; lastKnownFileType = sourcecode.swift; path = ToDoListView.swift; sourceTree = "<group>"; };
		7AC7BA242A1367BB002697BD /* NewItemView.swift */ = {isa = PBXFileReference; lastKnownFileType = sourcecode.swift; path = NewItemView.swift; sourceTree = "<group>"; };
		7AC7BA262A1367E8002697BD /* LoginView.swift */ = {isa = PBXFileReference; lastKnownFileType = sourcecode.swift; path = LoginView.swift; sourceTree = "<group>"; };
		7AC7BA282A136836002697BD /* RegisterView.swift */ = {isa = PBXFileReference; lastKnownFileType = sourcecode.swift; path = RegisterView.swift; sourceTree = "<group>"; };
		7AC7BA2A2A13687D002697BD /* ToDoListItemView.swift */ = {isa = PBXFileReference; lastKnownFileType = sourcecode.swift; path = ToDoListItemView.swift; sourceTree = "<group>"; };
		7AC7BA2C2A136904002697BD /* User.swift */ = {isa = PBXFileReference; lastKnownFileType = sourcecode.swift; path = User.swift; sourceTree = "<group>"; };
		7AC7BA2E2A136926002697BD /* ToDoListItem.swift */ = {isa = PBXFileReference; lastKnownFileType = sourcecode.swift; path = ToDoListItem.swift; sourceTree = "<group>"; };
		7AC7BA302A136962002697BD /* MainViewMainModel.swift */ = {isa = PBXFileReference; lastKnownFileType = sourcecode.swift; path = MainViewMainModel.swift; sourceTree = "<group>"; };
		7AC7BA322A136984002697BD /* ProfileViewViewModel.swift */ = {isa = PBXFileReference; lastKnownFileType = sourcecode.swift; path = ProfileViewViewModel.swift; sourceTree = "<group>"; };
		7AC7BA342A1369BA002697BD /* ToDoListViewViewModel.swift */ = {isa = PBXFileReference; lastKnownFileType = sourcecode.swift; path = ToDoListViewViewModel.swift; sourceTree = "<group>"; };
		7AC7BA362A1369E2002697BD /* NewItemViewViewModel.swift */ = {isa = PBXFileReference; lastKnownFileType = sourcecode.swift; path = NewItemViewViewModel.swift; sourceTree = "<group>"; };
		7AC7BA382A1369FE002697BD /* LoginViewViewModel.swift */ = {isa = PBXFileReference; lastKnownFileType = sourcecode.swift; path = LoginViewViewModel.swift; sourceTree = "<group>"; };
		7AC7BA3A2A136A1D002697BD /* RegisterViewViewModel.swift */ = {isa = PBXFileReference; lastKnownFileType = sourcecode.swift; path = RegisterViewViewModel.swift; sourceTree = "<group>"; };
		7AC7BA3C2A136A50002697BD /* ToDoListItemViewViewModel.swift */ = {isa = PBXFileReference; lastKnownFileType = sourcecode.swift; path = ToDoListItemViewViewModel.swift; sourceTree = "<group>"; };
/* End PBXFileReference section */

/* Begin PBXFrameworksBuildPhase section */
		7AC7B9DF2A135E5F002697BD /* Frameworks */ = {
			isa = PBXFrameworksBuildPhase;
			buildActionMask = 2147483647;
			files = (
				7AC7BA032A1361E7002697BD /* FirebaseDatabaseSwift in Frameworks */,
				7AC7BA0F2A1361E7002697BD /* FirebaseInstallations in Frameworks */,
				7AC7BA112A1361E7002697BD /* FirebasePerformance in Frameworks */,
				7AC7B9FB2A1361E7002697BD /* FirebaseAppCheck in Frameworks */,
				7AC7B9FF2A1361E7002697BD /* FirebaseAuth in Frameworks */,
				7AC7BA0B2A1361E7002697BD /* FirebaseFunctions in Frameworks */,
				7AC7BA192A1361E7002697BD /* FirebaseStorageCombine-Community in Frameworks */,
				7AC7BA072A1361E7002697BD /* FirebaseFirestoreCombine-Community in Frameworks */,
				7AC7BA132A1361E7002697BD /* FirebaseRemoteConfig in Frameworks */,
				7AC7B9F92A1361E7002697BD /* FirebaseAnalyticsSwift in Frameworks */,
				7AC7BA152A1361E7002697BD /* FirebaseRemoteConfigSwift in Frameworks */,
				7AC7BA092A1361E7002697BD /* FirebaseFirestoreSwift in Frameworks */,
				7AC7BA172A1361E7002697BD /* FirebaseStorage in Frameworks */,
				7AC7B9FD2A1361E7002697BD /* FirebaseAppDistribution-Beta in Frameworks */,
				7AC7BA0D2A1361E7002697BD /* FirebaseFunctionsCombine-Community in Frameworks */,
				7AC7BA052A1361E7002697BD /* FirebaseFirestore in Frameworks */,
				7AC7B9F52A1361E7002697BD /* FirebaseAnalytics in Frameworks */,
				7AC7BA012A1361E7002697BD /* FirebaseDatabase in Frameworks */,
				7AC7B9F72A1361E7002697BD /* FirebaseAnalyticsOnDeviceConversion in Frameworks */,
			);
			runOnlyForDeploymentPostprocessing = 0;
		};
/* End PBXFrameworksBuildPhase section */

/* Begin PBXGroup section */
		7AC7B9D92A135E5F002697BD = {
			isa = PBXGroup;
			children = (
				7AC7B9E42A135E5F002697BD /* TodoList */,
				7AC7B9E32A135E5F002697BD /* Products */,
			);
			sourceTree = "<group>";
		};
		7AC7B9E32A135E5F002697BD /* Products */ = {
			isa = PBXGroup;
			children = (
				7AC7B9E22A135E5F002697BD /* TodoList.app */,
			);
			name = Products;
			sourceTree = "<group>";
		};
		7AC7B9E42A135E5F002697BD /* TodoList */ = {
			isa = PBXGroup;
			children = (
				7AC7BA1F2A136614002697BD /* Other */,
				7AC7BA1E2A1365F5002697BD /* Models */,
				7AC7BA1D2A1365D1002697BD /* ViewModels */,
				7AC7BA1C2A1365B2002697BD /* Views */,
				7AC7B9EB2A135E61002697BD /* Preview Content */,
			);
			path = TodoList;
			sourceTree = "<group>";
		};
		7AC7B9EB2A135E61002697BD /* Preview Content */ = {
			isa = PBXGroup;
			children = (
				7AC7B9EC2A135E61002697BD /* Preview Assets.xcassets */,
			);
			path = "Preview Content";
			sourceTree = "<group>";
		};
		7AC7BA1C2A1365B2002697BD /* Views */ = {
			isa = PBXGroup;
			children = (
				7AC7B9E72A135E5F002697BD /* MainView.swift */,
				7AC7BA202A136731002697BD /* ProfileView.swift */,
				7AC7BA222A136797002697BD /* ToDoListView.swift */,
				7AC7BA242A1367BB002697BD /* NewItemView.swift */,
				7AC7BA262A1367E8002697BD /* LoginView.swift */,
				7AC7BA282A136836002697BD /* RegisterView.swift */,
				7AC7BA2A2A13687D002697BD /* ToDoListItemView.swift */,
				7A55D9F52A1491A5006CF9C1 /* HeaderView.swift */,
				7A83FF302A209282004D4F7A /* TLButton.swift */,
			);
			path = Views;
			sourceTree = "<group>";
		};
		7AC7BA1D2A1365D1002697BD /* ViewModels */ = {
			isa = PBXGroup;
			children = (
				7AC7BA302A136962002697BD /* MainViewMainModel.swift */,
				7AC7BA322A136984002697BD /* ProfileViewViewModel.swift */,
				7AC7BA342A1369BA002697BD /* ToDoListViewViewModel.swift */,
				7AC7BA362A1369E2002697BD /* NewItemViewViewModel.swift */,
				7AC7BA382A1369FE002697BD /* LoginViewViewModel.swift */,
				7AC7BA3A2A136A1D002697BD /* RegisterViewViewModel.swift */,
				7AC7BA3C2A136A50002697BD /* ToDoListItemViewViewModel.swift */,
			);
			path = ViewModels;
			sourceTree = "<group>";
		};
		7AC7BA1E2A1365F5002697BD /* Models */ = {
			isa = PBXGroup;
			children = (
				7AC7BA2C2A136904002697BD /* User.swift */,
				7AC7BA2E2A136926002697BD /* ToDoListItem.swift */,
			);
			path = Models;
			sourceTree = "<group>";
		};
		7AC7BA1F2A136614002697BD /* Other */ = {
			isa = PBXGroup;
			children = (
				7AC7BA1A2A13636A002697BD /* GoogleService-Info.plist */,
				7AC7B9E52A135E5F002697BD /* TodoListApp.swift */,
				7AC7B9E92A135E61002697BD /* Assets.xcassets */,
				7AB31BC52A35FB5300554B01 /* Extensions.swift */,
			);
			path = Other;
			sourceTree = "<group>";
		};
/* End PBXGroup section */

/* Begin PBXNativeTarget section */
		7AC7B9E12A135E5F002697BD /* TodoList */ = {
			isa = PBXNativeTarget;
			buildConfigurationList = 7AC7B9F02A135E61002697BD /* Build configuration list for PBXNativeTarget "TodoList" */;
			buildPhases = (
				7AC7B9DE2A135E5F002697BD /* Sources */,
				7AC7B9DF2A135E5F002697BD /* Frameworks */,
				7AC7B9E02A135E5F002697BD /* Resources */,
			);
			buildRules = (
			);
			dependencies = (
			);
			name = TodoList;
			packageProductDependencies = (
				7AC7B9F42A1361E7002697BD /* FirebaseAnalytics */,
				7AC7B9F62A1361E7002697BD /* FirebaseAnalyticsOnDeviceConversion */,
				7AC7B9F82A1361E7002697BD /* FirebaseAnalyticsSwift */,
				7AC7B9FA2A1361E7002697BD /* FirebaseAppCheck */,
				7AC7B9FC2A1361E7002697BD /* FirebaseAppDistribution-Beta */,
				7AC7B9FE2A1361E7002697BD /* FirebaseAuth */,
				7AC7BA002A1361E7002697BD /* FirebaseDatabase */,
				7AC7BA022A1361E7002697BD /* FirebaseDatabaseSwift */,
				7AC7BA042A1361E7002697BD /* FirebaseFirestore */,
				7AC7BA062A1361E7002697BD /* FirebaseFirestoreCombine-Community */,
				7AC7BA082A1361E7002697BD /* FirebaseFirestoreSwift */,
				7AC7BA0A2A1361E7002697BD /* FirebaseFunctions */,
				7AC7BA0C2A1361E7002697BD /* FirebaseFunctionsCombine-Community */,
				7AC7BA0E2A1361E7002697BD /* FirebaseInstallations */,
				7AC7BA102A1361E7002697BD /* FirebasePerformance */,
				7AC7BA122A1361E7002697BD /* FirebaseRemoteConfig */,
				7AC7BA142A1361E7002697BD /* FirebaseRemoteConfigSwift */,
				7AC7BA162A1361E7002697BD /* FirebaseStorage */,
				7AC7BA182A1361E7002697BD /* FirebaseStorageCombine-Community */,
			);
			productName = TodoList;
			productReference = 7AC7B9E22A135E5F002697BD /* TodoList.app */;
			productType = "com.apple.product-type.application";
		};
/* End PBXNativeTarget section */

/* Begin PBXProject section */
		7AC7B9DA2A135E5F002697BD /* Project object */ = {
			isa = PBXProject;
			attributes = {
				BuildIndependentTargetsInParallel = 1;
				LastSwiftUpdateCheck = 1430;
				LastUpgradeCheck = 1430;
				TargetAttributes = {
					7AC7B9E12A135E5F002697BD = {
						CreatedOnToolsVersion = 14.3;
					};
				};
			};
			buildConfigurationList = 7AC7B9DD2A135E5F002697BD /* Build configuration list for PBXProject "TodoList" */;
			compatibilityVersion = "Xcode 14.0";
			developmentRegion = en;
			hasScannedForEncodings = 0;
			knownRegions = (
				en,
				Base,
			);
			mainGroup = 7AC7B9D92A135E5F002697BD;
			packageReferences = (
				7AC7B9F32A1361E7002697BD /* XCRemoteSwiftPackageReference "firebase-ios-sdk" */,
			);
			productRefGroup = 7AC7B9E32A135E5F002697BD /* Products */;
			projectDirPath = "";
			projectRoot = "";
			targets = (
				7AC7B9E12A135E5F002697BD /* TodoList */,
			);
		};
/* End PBXProject section */

/* Begin PBXResourcesBuildPhase section */
		7AC7B9E02A135E5F002697BD /* Resources */ = {
			isa = PBXResourcesBuildPhase;
			buildActionMask = 2147483647;
			files = (
				7AC7B9ED2A135E61002697BD /* Preview Assets.xcassets in Resources */,
				7AC7B9EA2A135E61002697BD /* Assets.xcassets in Resources */,
				7AC7BA1B2A13636B002697BD /* GoogleService-Info.plist in Resources */,
			);
			runOnlyForDeploymentPostprocessing = 0;
		};
/* End PBXResourcesBuildPhase section */

/* Begin PBXSourcesBuildPhase section */
		7AC7B9DE2A135E5F002697BD /* Sources */ = {
			isa = PBXSourcesBuildPhase;
			buildActionMask = 2147483647;
			files = (
				7AC7BA272A1367E8002697BD /* LoginView.swift in Sources */,
				7A55D9F62A1491A5006CF9C1 /* HeaderView.swift in Sources */,
				7AC7B9E82A135E5F002697BD /* MainView.swift in Sources */,
				7AC7BA3B2A136A1D002697BD /* RegisterViewViewModel.swift in Sources */,
				7AC7BA232A136797002697BD /* ToDoListView.swift in Sources */,
				7AC7BA292A136836002697BD /* RegisterView.swift in Sources */,
				7AC7BA212A136731002697BD /* ProfileView.swift in Sources */,
				7A83FF312A209282004D4F7A /* TLButton.swift in Sources */,
				7AC7BA332A136984002697BD /* ProfileViewViewModel.swift in Sources */,
				7AC7BA2D2A136904002697BD /* User.swift in Sources */,
				7AC7BA2B2A13687D002697BD /* ToDoListItemView.swift in Sources */,
				7AC7BA312A136962002697BD /* MainViewMainModel.swift in Sources */,
				7AC7BA352A1369BA002697BD /* ToDoListViewViewModel.swift in Sources */,
				7AC7BA392A1369FE002697BD /* LoginViewViewModel.swift in Sources */,
				7AC7B9E62A135E5F002697BD /* TodoListApp.swift in Sources */,
				7AB31BC62A35FB5300554B01 /* Extensions.swift in Sources */,
				7AC7BA2F2A136926002697BD /* ToDoListItem.swift in Sources */,
				7AC7BA252A1367BB002697BD /* NewItemView.swift in Sources */,
				7AC7BA372A1369E2002697BD /* NewItemViewViewModel.swift in Sources */,
				7AC7BA3D2A136A50002697BD /* ToDoListItemViewViewModel.swift in Sources */,
			);
			runOnlyForDeploymentPostprocessing = 0;
		};
/* End PBXSourcesBuildPhase section */

/* Begin XCBuildConfiguration section */
		7AC7B9EE2A135E61002697BD /* Debug */ = {
			isa = XCBuildConfiguration;
			buildSettings = {
				ALWAYS_SEARCH_USER_PATHS = NO;
				CLANG_ANALYZER_NONNULL = YES;
				CLANG_ANALYZER_NUMBER_OBJECT_CONVERSION = YES_AGGRESSIVE;
				CLANG_CXX_LANGUAGE_STANDARD = "gnu++20";
				CLANG_ENABLE_MODULES = YES;
				CLANG_ENABLE_OBJC_ARC = YES;
				CLANG_ENABLE_OBJC_WEAK = YES;
				CLANG_WARN_BLOCK_CAPTURE_AUTORELEASING = YES;
				CLANG_WARN_BOOL_CONVERSION = YES;
				CLANG_WARN_COMMA = YES;
				CLANG_WARN_CONSTANT_CONVERSION = YES;
				CLANG_WARN_DEPRECATED_OBJC_IMPLEMENTATIONS = YES;
				CLANG_WARN_DIRECT_OBJC_ISA_USAGE = YES_ERROR;
				CLANG_WARN_DOCUMENTATION_COMMENTS = YES;
				CLANG_WARN_EMPTY_BODY = YES;
				CLANG_WARN_ENUM_CONVERSION = YES;
				CLANG_WARN_INFINITE_RECURSION = YES;
				CLANG_WARN_INT_CONVERSION = YES;
				CLANG_WARN_NON_LITERAL_NULL_CONVERSION = YES;
				CLANG_WARN_OBJC_IMPLICIT_RETAIN_SELF = YES;
				CLANG_WARN_OBJC_LITERAL_CONVERSION = YES;
				CLANG_WARN_OBJC_ROOT_CLASS = YES_ERROR;
				CLANG_WARN_QUOTED_INCLUDE_IN_FRAMEWORK_HEADER = YES;
				CLANG_WARN_RANGE_LOOP_ANALYSIS = YES;
				CLANG_WARN_STRICT_PROTOTYPES = YES;
				CLANG_WARN_SUSPICIOUS_MOVE = YES;
				CLANG_WARN_UNGUARDED_AVAILABILITY = YES_AGGRESSIVE;
				CLANG_WARN_UNREACHABLE_CODE = YES;
				CLANG_WARN__DUPLICATE_METHOD_MATCH = YES;
				COPY_PHASE_STRIP = NO;
				DEBUG_INFORMATION_FORMAT = dwarf;
				ENABLE_STRICT_OBJC_MSGSEND = YES;
				ENABLE_TESTABILITY = YES;
				GCC_C_LANGUAGE_STANDARD = gnu11;
				GCC_DYNAMIC_NO_PIC = NO;
				GCC_NO_COMMON_BLOCKS = YES;
				GCC_OPTIMIZATION_LEVEL = 0;
				GCC_PREPROCESSOR_DEFINITIONS = (
					"DEBUG=1",
					"$(inherited)",
				);
				GCC_WARN_64_TO_32_BIT_CONVERSION = YES;
				GCC_WARN_ABOUT_RETURN_TYPE = YES_ERROR;
				GCC_WARN_UNDECLARED_SELECTOR = YES;
				GCC_WARN_UNINITIALIZED_AUTOS = YES_AGGRESSIVE;
				GCC_WARN_UNUSED_FUNCTION = YES;
				GCC_WARN_UNUSED_VARIABLE = YES;
				IPHONEOS_DEPLOYMENT_TARGET = 16.4;
				MTL_ENABLE_DEBUG_INFO = INCLUDE_SOURCE;
				MTL_FAST_MATH = YES;
				ONLY_ACTIVE_ARCH = YES;
				SDKROOT = iphoneos;
				SWIFT_ACTIVE_COMPILATION_CONDITIONS = DEBUG;
				SWIFT_OPTIMIZATION_LEVEL = "-Onone";
			};
			name = Debug;
		};
		7AC7B9EF2A135E61002697BD /* Release */ = {
			isa = XCBuildConfiguration;
			buildSettings = {
				ALWAYS_SEARCH_USER_PATHS = NO;
				CLANG_ANALYZER_NONNULL = YES;
				CLANG_ANALYZER_NUMBER_OBJECT_CONVERSION = YES_AGGRESSIVE;
				CLANG_CXX_LANGUAGE_STANDARD = "gnu++20";
				CLANG_ENABLE_MODULES = YES;
				CLANG_ENABLE_OBJC_ARC = YES;
				CLANG_ENABLE_OBJC_WEAK = YES;
				CLANG_WARN_BLOCK_CAPTURE_AUTORELEASING = YES;
				CLANG_WARN_BOOL_CONVERSION = YES;
				CLANG_WARN_COMMA = YES;
				CLANG_WARN_CONSTANT_CONVERSION = YES;
				CLANG_WARN_DEPRECATED_OBJC_IMPLEMENTATIONS = YES;
				CLANG_WARN_DIRECT_OBJC_ISA_USAGE = YES_ERROR;
				CLANG_WARN_DOCUMENTATION_COMMENTS = YES;
				CLANG_WARN_EMPTY_BODY = YES;
				CLANG_WARN_ENUM_CONVERSION = YES;
				CLANG_WARN_INFINITE_RECURSION = YES;
				CLANG_WARN_INT_CONVERSION = YES;
				CLANG_WARN_NON_LITERAL_NULL_CONVERSION = YES;
				CLANG_WARN_OBJC_IMPLICIT_RETAIN_SELF = YES;
				CLANG_WARN_OBJC_LITERAL_CONVERSION = YES;
				CLANG_WARN_OBJC_ROOT_CLASS = YES_ERROR;
				CLANG_WARN_QUOTED_INCLUDE_IN_FRAMEWORK_HEADER = YES;
				CLANG_WARN_RANGE_LOOP_ANALYSIS = YES;
				CLANG_WARN_STRICT_PROTOTYPES = YES;
				CLANG_WARN_SUSPICIOUS_MOVE = YES;
				CLANG_WARN_UNGUARDED_AVAILABILITY = YES_AGGRESSIVE;
				CLANG_WARN_UNREACHABLE_CODE = YES;
				CLANG_WARN__DUPLICATE_METHOD_MATCH = YES;
				COPY_PHASE_STRIP = NO;
				DEBUG_INFORMATION_FORMAT = "dwarf-with-dsym";
				ENABLE_NS_ASSERTIONS = NO;
				ENABLE_STRICT_OBJC_MSGSEND = YES;
				GCC_C_LANGUAGE_STANDARD = gnu11;
				GCC_NO_COMMON_BLOCKS = YES;
				GCC_WARN_64_TO_32_BIT_CONVERSION = YES;
				GCC_WARN_ABOUT_RETURN_TYPE = YES_ERROR;
				GCC_WARN_UNDECLARED_SELECTOR = YES;
				GCC_WARN_UNINITIALIZED_AUTOS = YES_AGGRESSIVE;
				GCC_WARN_UNUSED_FUNCTION = YES;
				GCC_WARN_UNUSED_VARIABLE = YES;
				IPHONEOS_DEPLOYMENT_TARGET = 16.4;
				MTL_ENABLE_DEBUG_INFO = NO;
				MTL_FAST_MATH = YES;
				SDKROOT = iphoneos;
				SWIFT_COMPILATION_MODE = wholemodule;
				SWIFT_OPTIMIZATION_LEVEL = "-O";
				VALIDATE_PRODUCT = YES;
			};
			name = Release;
		};
		7AC7B9F12A135E61002697BD /* Debug */ = {
			isa = XCBuildConfiguration;
			buildSettings = {
				ASSETCATALOG_COMPILER_APPICON_NAME = AppIcon;
				ASSETCATALOG_COMPILER_GLOBAL_ACCENT_COLOR_NAME = AccentColor;
				CODE_SIGN_STYLE = Automatic;
				CURRENT_PROJECT_VERSION = 1;
				DEVELOPMENT_ASSET_PATHS = "\"TodoList/Preview Content\"";
				DEVELOPMENT_TEAM = ML67Q7NY9A;
				ENABLE_PREVIEWS = YES;
				GENERATE_INFOPLIST_FILE = YES;
				INFOPLIST_KEY_CFBundleDisplayName = "ToDo List";
				INFOPLIST_KEY_UIApplicationSceneManifest_Generation = YES;
				INFOPLIST_KEY_UIApplicationSupportsIndirectInputEvents = YES;
				INFOPLIST_KEY_UILaunchScreen_Generation = YES;
				INFOPLIST_KEY_UISupportedInterfaceOrientations_iPad = "UIInterfaceOrientationPortrait UIInterfaceOrientationPortraitUpsideDown UIInterfaceOrientationLandscapeLeft UIInterfaceOrientationLandscapeRight";
				INFOPLIST_KEY_UISupportedInterfaceOrientations_iPhone = "UIInterfaceOrientationPortrait UIInterfaceOrientationLandscapeLeft UIInterfaceOrientationLandscapeRight";
				LD_RUNPATH_SEARCH_PATHS = (
					"$(inherited)",
					"@executable_path/Frameworks",
				);
				MARKETING_VERSION = 1.0;
				PRODUCT_BUNDLE_IDENTIFIER = com.ajbaggar.TodoList;
				PRODUCT_NAME = "$(TARGET_NAME)";
				SWIFT_EMIT_LOC_STRINGS = YES;
				SWIFT_VERSION = 5.0;
				TARGETED_DEVICE_FAMILY = "1,2";
			};
			name = Debug;
		};
		7AC7B9F22A135E61002697BD /* Release */ = {
			isa = XCBuildConfiguration;
			buildSettings = {
				ASSETCATALOG_COMPILER_APPICON_NAME = AppIcon;
				ASSETCATALOG_COMPILER_GLOBAL_ACCENT_COLOR_NAME = AccentColor;
				CODE_SIGN_STYLE = Automatic;
				CURRENT_PROJECT_VERSION = 1;
				DEVELOPMENT_ASSET_PATHS = "\"TodoList/Preview Content\"";
				DEVELOPMENT_TEAM = ML67Q7NY9A;
				ENABLE_PREVIEWS = YES;
				GENERATE_INFOPLIST_FILE = YES;
				INFOPLIST_KEY_CFBundleDisplayName = "ToDo List";
				INFOPLIST_KEY_UIApplicationSceneManifest_Generation = YES;
				INFOPLIST_KEY_UIApplicationSupportsIndirectInputEvents = YES;
				INFOPLIST_KEY_UILaunchScreen_Generation = YES;
				INFOPLIST_KEY_UISupportedInterfaceOrientations_iPad = "UIInterfaceOrientationPortrait UIInterfaceOrientationPortraitUpsideDown UIInterfaceOrientationLandscapeLeft UIInterfaceOrientationLandscapeRight";
				INFOPLIST_KEY_UISupportedInterfaceOrientations_iPhone = "UIInterfaceOrientationPortrait UIInterfaceOrientationLandscapeLeft UIInterfaceOrientationLandscapeRight";
				LD_RUNPATH_SEARCH_PATHS = (
					"$(inherited)",
					"@executable_path/Frameworks",
				);
				MARKETING_VERSION = 1.0;
				PRODUCT_BUNDLE_IDENTIFIER = com.ajbaggar.TodoList;
				PRODUCT_NAME = "$(TARGET_NAME)";
				SWIFT_EMIT_LOC_STRINGS = YES;
				SWIFT_VERSION = 5.0;
				TARGETED_DEVICE_FAMILY = "1,2";
			};
			name = Release;
		};
/* End XCBuildConfiguration section */

/* Begin XCConfigurationList section */
		7AC7B9DD2A135E5F002697BD /* Build configuration list for PBXProject "TodoList" */ = {
			isa = XCConfigurationList;
			buildConfigurations = (
				7AC7B9EE2A135E61002697BD /* Debug */,
				7AC7B9EF2A135E61002697BD /* Release */,
			);
			defaultConfigurationIsVisible = 0;
			defaultConfigurationName = Release;
		};
		7AC7B9F02A135E61002697BD /* Build configuration list for PBXNativeTarget "TodoList" */ = {
			isa = XCConfigurationList;
			buildConfigurations = (
				7AC7B9F12A135E61002697BD /* Debug */,
				7AC7B9F22A135E61002697BD /* Release */,
			);
			defaultConfigurationIsVisible = 0;
			defaultConfigurationName = Release;
		};
/* End XCConfigurationList section */

/* Begin XCRemoteSwiftPackageReference section */
		7AC7B9F32A1361E7002697BD /* XCRemoteSwiftPackageReference "firebase-ios-sdk" */ = {
			isa = XCRemoteSwiftPackageReference;
			repositoryURL = "https://github.com/firebase/firebase-ios-sdk";
			requirement = {
				kind = upToNextMajorVersion;
				minimumVersion = 10.0.0;
			};
		};
/* End XCRemoteSwiftPackageReference section */

/* Begin XCSwiftPackageProductDependency section */
		7AC7B9F42A1361E7002697BD /* FirebaseAnalytics */ = {
			isa = XCSwiftPackageProductDependency;
			package = 7AC7B9F32A1361E7002697BD /* XCRemoteSwiftPackageReference "firebase-ios-sdk" */;
			productName = FirebaseAnalytics;
		};
		7AC7B9F62A1361E7002697BD /* FirebaseAnalyticsOnDeviceConversion */ = {
			isa = XCSwiftPackageProductDependency;
			package = 7AC7B9F32A1361E7002697BD /* XCRemoteSwiftPackageReference "firebase-ios-sdk" */;
			productName = FirebaseAnalyticsOnDeviceConversion;
		};
		7AC7B9F82A1361E7002697BD /* FirebaseAnalyticsSwift */ = {
			isa = XCSwiftPackageProductDependency;
			package = 7AC7B9F32A1361E7002697BD /* XCRemoteSwiftPackageReference "firebase-ios-sdk" */;
			productName = FirebaseAnalyticsSwift;
		};
		7AC7B9FA2A1361E7002697BD /* FirebaseAppCheck */ = {
			isa = XCSwiftPackageProductDependency;
			package = 7AC7B9F32A1361E7002697BD /* XCRemoteSwiftPackageReference "firebase-ios-sdk" */;
			productName = FirebaseAppCheck;
		};
		7AC7B9FC2A1361E7002697BD /* FirebaseAppDistribution-Beta */ = {
			isa = XCSwiftPackageProductDependency;
			package = 7AC7B9F32A1361E7002697BD /* XCRemoteSwiftPackageReference "firebase-ios-sdk" */;
			productName = "FirebaseAppDistribution-Beta";
		};
		7AC7B9FE2A1361E7002697BD /* FirebaseAuth */ = {
			isa = XCSwiftPackageProductDependency;
			package = 7AC7B9F32A1361E7002697BD /* XCRemoteSwiftPackageReference "firebase-ios-sdk" */;
			productName = FirebaseAuth;
		};
		7AC7BA002A1361E7002697BD /* FirebaseDatabase */ = {
			isa = XCSwiftPackageProductDependency;
			package = 7AC7B9F32A1361E7002697BD /* XCRemoteSwiftPackageReference "firebase-ios-sdk" */;
			productName = FirebaseDatabase;
		};
		7AC7BA022A1361E7002697BD /* FirebaseDatabaseSwift */ = {
			isa = XCSwiftPackageProductDependency;
			package = 7AC7B9F32A1361E7002697BD /* XCRemoteSwiftPackageReference "firebase-ios-sdk" */;
			productName = FirebaseDatabaseSwift;
		};
		7AC7BA042A1361E7002697BD /* FirebaseFirestore */ = {
			isa = XCSwiftPackageProductDependency;
			package = 7AC7B9F32A1361E7002697BD /* XCRemoteSwiftPackageReference "firebase-ios-sdk" */;
			productName = FirebaseFirestore;
		};
		7AC7BA062A1361E7002697BD /* FirebaseFirestoreCombine-Community */ = {
			isa = XCSwiftPackageProductDependency;
			package = 7AC7B9F32A1361E7002697BD /* XCRemoteSwiftPackageReference "firebase-ios-sdk" */;
			productName = "FirebaseFirestoreCombine-Community";
		};
		7AC7BA082A1361E7002697BD /* FirebaseFirestoreSwift */ = {
			isa = XCSwiftPackageProductDependency;
			package = 7AC7B9F32A1361E7002697BD /* XCRemoteSwiftPackageReference "firebase-ios-sdk" */;
			productName = FirebaseFirestoreSwift;
		};
		7AC7BA0A2A1361E7002697BD /* FirebaseFunctions */ = {
			isa = XCSwiftPackageProductDependency;
			package = 7AC7B9F32A1361E7002697BD /* XCRemoteSwiftPackageReference "firebase-ios-sdk" */;
			productName = FirebaseFunctions;
		};
		7AC7BA0C2A1361E7002697BD /* FirebaseFunctionsCombine-Community */ = {
			isa = XCSwiftPackageProductDependency;
			package = 7AC7B9F32A1361E7002697BD /* XCRemoteSwiftPackageReference "firebase-ios-sdk" */;
			productName = "FirebaseFunctionsCombine-Community";
		};
		7AC7BA0E2A1361E7002697BD /* FirebaseInstallations */ = {
			isa = XCSwiftPackageProductDependency;
			package = 7AC7B9F32A1361E7002697BD /* XCRemoteSwiftPackageReference "firebase-ios-sdk" */;
			productName = FirebaseInstallations;
		};
		7AC7BA102A1361E7002697BD /* FirebasePerformance */ = {
			isa = XCSwiftPackageProductDependency;
			package = 7AC7B9F32A1361E7002697BD /* XCRemoteSwiftPackageReference "firebase-ios-sdk" */;
			productName = FirebasePerformance;
		};
		7AC7BA122A1361E7002697BD /* FirebaseRemoteConfig */ = {
			isa = XCSwiftPackageProductDependency;
			package = 7AC7B9F32A1361E7002697BD /* XCRemoteSwiftPackageReference "firebase-ios-sdk" */;
			productName = FirebaseRemoteConfig;
		};
		7AC7BA142A1361E7002697BD /* FirebaseRemoteConfigSwift */ = {
			isa = XCSwiftPackageProductDependency;
			package = 7AC7B9F32A1361E7002697BD /* XCRemoteSwiftPackageReference "firebase-ios-sdk" */;
			productName = FirebaseRemoteConfigSwift;
		};
		7AC7BA162A1361E7002697BD /* FirebaseStorage */ = {
			isa = XCSwiftPackageProductDependency;
			package = 7AC7B9F32A1361E7002697BD /* XCRemoteSwiftPackageReference "firebase-ios-sdk" */;
			productName = FirebaseStorage;
		};
		7AC7BA182A1361E7002697BD /* FirebaseStorageCombine-Community */ = {
			isa = XCSwiftPackageProductDependency;
			package = 7AC7B9F32A1361E7002697BD /* XCRemoteSwiftPackageReference "firebase-ios-sdk" */;
			productName = "FirebaseStorageCombine-Community";
		};
/* End XCSwiftPackageProductDependency section */
	};
	rootObject = 7AC7B9DA2A135E5F002697BD /* Project object */;
}
